# THIS IS AN AUTOGENERATED FILE. DO NOT EDIT THIS FILE DIRECTLY.
# yarn lockfile v1


"@bower_components/Chart.js@nnnick/Chart.js#^2.0.2":
  version "2.7.2"
  resolved "https://codeload.github.com/nnnick/Chart.js/tar.gz/98f104cdd03617f1300b417b3d60c23d4e3e3403"
  dependencies:
    chartjs-color "^2.1.0"
    moment "^2.10.2"

"@bower_components/Flot@flot/flot#^0.8.3":
  version "0.8.3"
  resolved "https://codeload.github.com/flot/flot/tar.gz/453b017cc5acfd75e252b93e8635f57f4196d45d"

"@bower_components/animate.css@daneden/animate.css#^3.5.1":
  version "3.5.1"
  resolved "https://codeload.github.com/daneden/animate.css/tar.gz/dac3dab7b59cb6072b5d0fe23eae3805e370a58c"

"@bower_components/autosize@jackmoore/autosize#^3.0.15":
  version "3.0.21"
  resolved "https://codeload.github.com/jackmoore/autosize/tar.gz/5284a460d160bd11fda219941b20eb2a82155294"

"@bower_components/bootstrap-daterangepicker@dangrossman/bootstrap-daterangepicker#^2.1.19":
  version "2.1.27"
  resolved "https://codeload.github.com/dangrossman/bootstrap-daterangepicker/tar.gz/d4aabfbceaf57117e1af33f3f82e92162719eee9"
  dependencies:
    jquery ">=1.10"
    moment "^2.9.0"

"@bower_components/bootstrap-progressbar@minddust/bootstrap-progressbar#^0.9.0":
  version "0.9.0"
  resolved "https://codeload.github.com/minddust/bootstrap-progressbar/tar.gz/e7ac2690384024feb89bd5122fea14dc4d819567"

"@bower_components/bootstrap-wysiwyg@steveathon/bootstrap-wysiwyg#^1.0.5":
  version "1.0.4"
  resolved "https://codeload.github.com/steveathon/bootstrap-wysiwyg/tar.gz/b4b774eddcc69b00778361eb98f170f633260636"

"@bower_components/bootstrap@twbs/bootstrap#^3.3.6":
  version "3.3.7"
  resolved "https://codeload.github.com/twbs/bootstrap/tar.gz/0b9c4a4007c44201dce9a6cc1a38407005c26c86"

"@bower_components/cropper@fengyuanchen/cropper#^2.3.0":
  version "2.3.4"
  resolved "https://codeload.github.com/fengyuanchen/cropper/tar.gz/30c58b29ee21010e17e58ebab165fbd84285c685"
  dependencies:
    jquery ">= 1.9.1"

"@bower_components/datatables.net-bs@DataTables/Dist-DataTables-Bootstrap#^1.10.11":
  version "1.10.19"
  resolved "https://codeload.github.com/DataTables/Dist-DataTables-Bootstrap/tar.gz/a7c25233dc21738b13aabcb8cd52145eede30b94"
  dependencies:
    datatables.net "1.10.19"
    jquery ">=1.7"

"@bower_components/datatables.net-buttons-bs@DataTables/Dist-DataTables-Buttons-Bootstrap#^1.1.2":
  version "1.5.3"
  resolved "https://codeload.github.com/DataTables/Dist-DataTables-Buttons-Bootstrap/tar.gz/060d6f8c6a0ece87c294f8efe878dad1794d8a73"
  dependencies:
    datatables.net-bs "^1.10.15"
    datatables.net-buttons "1.5.3"
    jquery ">=1.7"

"@bower_components/datatables.net-buttons@DataTables/Dist-DataTables-Buttons#>=1.0.3":
  version "1.5.3"
  resolved "https://codeload.github.com/DataTables/Dist-DataTables-Buttons/tar.gz/dc94336461d7dcd4fa1e04651649e07db0fe8768"
  dependencies:
    datatables.net "^1.10.15"
    jquery ">=1.7"

"@bower_components/datatables.net-fixedheader-bs@DataTables/Dist-DataTables-FixedHeader-Bootstrap#^3.1.1":
  version "3.1.5"
  resolved "https://codeload.github.com/DataTables/Dist-DataTables-FixedHeader-Bootstrap/tar.gz/6882b12e4d876572ec5198e69a658b1949d27c9e"
  dependencies:
    datatables.net-bs "^1.10.15"
    datatables.net-fixedheader "3.1.5"
    jquery ">=1.7"

"@bower_components/datatables.net-fixedheader@DataTables/Dist-DataTables-FixedHeader#^3.1.1":
  version "3.1.5"
  resolved "https://codeload.github.com/DataTables/Dist-DataTables-FixedHeader/tar.gz/c1c4c5adebc7d5abc572c7c453de629d1e3e2daa"
  dependencies:
    datatables.net "^1.10.15"
    jquery ">=1.7"

"@bower_components/datatables.net-keytable@DataTables/Dist-DataTables-KeyTable#^2.1.1":
  version "2.4.1"
  resolved "https://codeload.github.com/DataTables/Dist-DataTables-KeyTable/tar.gz/c881f69b77e093e12749d18b8facb4b0b90ef811"
  dependencies:
    datatables.net "^1.10.15"
    jquery ">=1.7"

"@bower_components/datatables.net-responsive-bs@DataTables/Dist-DataTables-Responsive-Bootstrap#^2.0.2":
  version "2.2.3"
  resolved "https://codeload.github.com/DataTables/Dist-DataTables-Responsive-Bootstrap/tar.gz/7fd130d313e72794dbbd3ad7d6777a1bdbda4a3b"
  dependencies:
    datatables.net-bs "^1.10.15"
    datatables.net-responsive "2.2.3"
    jquery ">=1.7"

"@bower_components/datatables.net-responsive@DataTables/Dist-DataTables-Responsive#^2.0.2":
  version "2.2.3"
  resolved "https://codeload.github.com/DataTables/Dist-DataTables-Responsive/tar.gz/a785bc1a85893f0b3ce865b5e47c38b42e79bf5b"
  dependencies:
    datatables.net "^1.10.15"
    jquery ">=1.7"

"@bower_components/datatables.net-scroller-bs@DataTables/Dist-DataTables-Scroller-Bootstrap#^1.4.1":
  version "1.5.1"
  resolved "https://codeload.github.com/DataTables/Dist-DataTables-Scroller-Bootstrap/tar.gz/f41a6f599160d352a6968e122aa5c907221a2655"
  dependencies:
    datatables.net-bs "^1.10.15"
    datatables.net-scroller "1.5.1"
    jquery ">=1.7"

"@bower_components/datatables.net-scroller@DataTables/Dist-DataTables-Scroller#^1.4.1":
  version "1.5.1"
  resolved "https://codeload.github.com/DataTables/Dist-DataTables-Scroller/tar.gz/c4c4bccb7f836409d80e589de11e01c7d5f553a0"
  dependencies:
    datatables.net "^1.10.15"
    jquery ">=1.7"

"@bower_components/datatables.net@DataTables/Dist-DataTables#>=1.10.9":
  version "1.10.19"
  resolved "https://codeload.github.com/DataTables/Dist-DataTables/tar.gz/ef746740676545d39555f1140703a5c6d5570b31"
  dependencies:
    jquery ">=1.7"

"@bower_components/devbridge-autocomplete@devbridge/jQuery-Autocomplete#^1.2.24":
  version "1.4.8"
  resolved "https://codeload.github.com/devbridge/jQuery-Autocomplete/tar.gz/174df1c93a4dc4cc5ef07cccd9d9ebb691ee7df2"
  dependencies:
    "@types/jquery" "^2.0.32"
    jquery ">=1.7"

"@bower_components/dropzone@enyo/dropzone#^4.3.0":
  version "4.3.0"
  resolved "https://codeload.github.com/enyo/dropzone/tar.gz/d8ef7a82e6ab5447c1f2d9512c8e1bfd4de5ac9e"

"@bower_components/echarts@ecomfe/echarts#^3.1.7":
  version "3.8.5"
  resolved "https://codeload.github.com/ecomfe/echarts/tar.gz/eb95d20f527c5e91f98579647c6343b07b4f8c6e"
  dependencies:
    zrender "3.7.4"

"@bower_components/eve-raphael@tomasAlabes/eve#0.5.0":
  version "0.5.0"
  resolved "https://codeload.github.com/tomasAlabes/eve/tar.gz/93132d5d47a0ce31dbd1b75208b1d4c0e2ad81e8"

"@bower_components/fastclick@ftlabs/fastclick#^1.0.6":
  version "1.0.6"
  resolved "https://codeload.github.com/ftlabs/fastclick/tar.gz/9977a916739360ad4ffd7aa19b0016bf375e934b"

"@bower_components/font-awesome@FortAwesome/Font-Awesome#^4.6.1":
  version "4.7.0"
  resolved "https://codeload.github.com/FortAwesome/Font-Awesome/tar.gz/a8386aae19e200ddb0f6845b5feeee5eb7013687"

"@bower_components/fontawesome@FortAwesome/Font-Awesome#~4.5.0":
  version "4.5.0"
  resolved "https://codeload.github.com/FortAwesome/Font-Awesome/tar.gz/fddd2c240452e6c8990c4ef75e0265b455aa7968"

"@bower_components/fullcalendar@fullcalendar/fullcalendar#^2.6.1":
  version "2.9.1"
  resolved "https://codeload.github.com/fullcalendar/fullcalendar/tar.gz/07a680b2349cfa7c7f2b05c979295447f04ef426"
  dependencies:
    jquery ">=1.7.1"
    moment ">=2.5.0"

"@bower_components/gauge.js@bernii/gauge.js#^1.2.1":
  version "1.3.6"
  resolved "https://codeload.github.com/bernii/gauge.js/tar.gz/df79eb699ae33529509fee5e14914c4d4186b00f"

"@bower_components/google-code-prettify@tcollard/google-code-prettify#~1.0.4":
  version "1.0.5"
  resolved "https://codeload.github.com/tcollard/google-code-prettify/tar.gz/5e0b27bba2583a386c08ead942bbf25418c28784"

"@bower_components/iCheck@fronteed/iCheck#^1.0.2":
  version "0.0.0"
  resolved "https://codeload.github.com/fronteed/iCheck/tar.gz/8a6eb37bd7dab1e843c1b630c91c6398ff409d05"

"@bower_components/ion.rangeSlider@IonDen/ion.rangeSlider#^2.1.3":
  version "2.2.0"
  resolved "https://codeload.github.com/IonDen/ion.rangeSlider/tar.gz/4bb522d3d28aedaaf035e3daa0f2f46850b2242c"
  dependencies:
    jquery ">=1.8"

"@bower_components/jQuery-Smart-Wizard@mstratman/jQuery-Smart-Wizard#^3.3.1":
  version "0.0.0"
  resolved "https://codeload.github.com/mstratman/jQuery-Smart-Wizard/tar.gz/87dd49a418e70d34579c8c8fe335bc964004dea8"

"@bower_components/jquery-knob@aterrien/jQuery-Knob#^1.2.13":
  version "1.2.13"
  resolved "https://codeload.github.com/aterrien/jQuery-Knob/tar.gz/755309e933d326ffaa5a2d758dc377147b766515"

"@bower_components/jquery-mousewheel@jquery/jquery-mousewheel#>=3.0.6":
  version "3.1.13"
  resolved "https://codeload.github.com/jquery/jquery-mousewheel/tar.gz/67289b6b2aa0066d7d78a5807f520387135ffb22"

"@bower_components/jquery-sparkline@rkgrep/jquery.sparkline#^2.1.3":
  version "0.0.0"
  resolved "https://codeload.github.com/rkgrep/jquery.sparkline/tar.gz/47b1f5a7daaa45739a75f8fd1d7c2948693d66fd"

"@bower_components/jquery.easy-pie-chart@rendro/easy-pie-chart#^2.1.6":
  version "2.1.6"
  resolved "https://codeload.github.com/rendro/easy-pie-chart/tar.gz/29636bc1cc0ecbd8de9490525724a12dbf723888"

"@bower_components/jquery.hotkeys@jeresig/jquery.hotkeys#master":
  version "0.2.0"
  resolved "https://codeload.github.com/jeresig/jquery.hotkeys/tar.gz/f24f1da275aab7881ab501055c256add6f690de4"

"@bower_components/jquery.inputmask@RobinHerbots/jquery.inputmask#^3.3.1":
  version "3.3.11"
  resolved "https://codeload.github.com/RobinHerbots/jquery.inputmask/tar.gz/5e670ad62f50c738388d4dcec78d2888505ad77b"

"@bower_components/jquery.tagsinput@xoxco/jQuery-Tags-Input#^1.3.6":
  version "1.3.5"
  resolved "https://codeload.github.com/xoxco/jQuery-Tags-Input/tar.gz/ae31b175fbfd0a0476822182ef52e76c2629e9c3"

"@bower_components/jquery@jquery/jquery-dist#^2.2.3":
  version "2.2.4"
  resolved "https://codeload.github.com/jquery/jquery-dist/tar.gz/c0185ab7c75aab88762c5aae780b9d83b80eda72"

"@bower_components/jszip@Stuk/jszip#v2.6.0":
  version "2.6.0"
  resolved "https://codeload.github.com/Stuk/jszip/tar.gz/8f190955e9328b768d7fc4f2770234fd53c407a7"
  dependencies:
    pako "~1.0.0"

"@bower_components/malihu-custom-scrollbar-plugin@malihu/malihu-custom-scrollbar-plugin#^3.1.3":
  version "3.1.5"
  resolved "https://codeload.github.com/malihu/malihu-custom-scrollbar-plugin/tar.gz/eac2b0af71a7ca06cc19e28d15ba60f6db2dfd29"
  dependencies:
    jquery-mousewheel ">=3.0.6"

"@bower_components/mjolnic-bootstrap-colorpicker@itsjavi/bootstrap-colorpicker#^2.3.3":
  version "2.5.2"
  resolved "https://codeload.github.com/itsjavi/bootstrap-colorpicker/tar.gz/d56d0d3d5bee59904d48bce3c47a0029741e10e6"
  dependencies:
    jquery ">=1.10"

"@bower_components/mocha@mochajs/mocha#~1.17.1":
  version "1.17.1"
  resolved "https://codeload.github.com/mochajs/mocha/tar.gz/7fc565ee3e225cb7a66bf39ae9c2c05b346675c1"
  dependencies:
    commander "2.0.0"
    debug "*"
    diff "1.0.7"
    glob "3.2.3"
    growl "1.7.x"
    jade "0.26.3"
    mkdirp "0.3.5"

"@bower_components/moment@moment/moment#>=2.5.0":
  version "2.22.2"
  resolved "https://codeload.github.com/moment/moment/tar.gz/2e2a5b35439665d4b0200143d808a7c26d6cd30f"

"@bower_components/morris.js@oesmith/morris.js#^0.5.1":
  version "0.5.0"
  resolved "https://codeload.github.com/oesmith/morris.js/tar.gz/d5cf1410eda7055eaf2c7d218d4cb24ec5ed55c8"

"@bower_components/normalize-css@necolas/normalize.css#^4.1.1":
  version "4.2.0"
  resolved "https://codeload.github.com/necolas/normalize.css/tar.gz/fa7d65ab39f4c0623b6379793160a32254aa4ffe"

"@bower_components/nprogress@rstacruz/nprogress#^0.2.0":
  version "0.2.0"
  resolved "https://codeload.github.com/rstacruz/nprogress/tar.gz/254266ea50c220f6507fa3f2978fc530147c7f06"

"@bower_components/parsleyjs@guillaumepotier/Parsley.js#^2.3.10":
  version "2.8.1"
  resolved "https://codeload.github.com/guillaumepotier/Parsley.js/tar.gz/c611ed5ac58e99791e5b91257950df72a461af07"
  dependencies:
    jquery ">=1.8.0"

"@bower_components/pdfmake@bpampuch/pdfmake#^0.1.20":
  version "0.1.37"
  resolved "https://codeload.github.com/bpampuch/pdfmake/tar.gz/41ed75396d19d4a80e759282362d7c617e8d351d"
  dependencies:
    iconv-lite "^0.4.23"
    linebreak "^0.3.0"
    pdfkit "^0.8.3"

"@bower_components/pnotify@sciactive/pnotify#^3.0.0":
  version "3.2.1"
  resolved "https://codeload.github.com/sciactive/pnotify/tar.gz/56d7a345485d3af0195069e2ebdce97c349064b4"
  dependencies:
    jquery ">=1.6.0"

"@bower_components/raphael@DmitryBaranovskiy/raphael#>= 2.0":
  version "2.2.7"
  resolved "https://codeload.github.com/DmitryBaranovskiy/raphael/tar.gz/c02b9c125d036e42b9bb95d0e401bbf6a5153da5"
  dependencies:
    eve-raphael "0.5.0"

"@bower_components/requirejs@jrburke/requirejs-bower#~2.1.10":
  version "0.0.0"
  resolved "https://codeload.github.com/jrburke/requirejs-bower/tar.gz/b295d2bb6d397cc34eea2bc38dbea5b519614035"

"@bower_components/select2@ivaynberg/select2#^4.0.2":
  version "4.0.5"
  resolved "https://codeload.github.com/ivaynberg/select2/tar.gz/ebf10c93db7d6d7a0d1330119d4c6f32cbd231d7"
  dependencies:
    almond "~0.3.1"
    jquery-mousewheel "~3.1.13"

"@bower_components/skycons@darkskyapp/skycons#*":
  version "0.0.0"
  resolved "https://codeload.github.com/darkskyapp/skycons/tar.gz/41ff933289fe0dce48ba8ed873b2cf059ddcd01b"

"@bower_components/starrr@dobtco/starrr#^2.0.0":
  version "2.0.0"
  resolved "https://codeload.github.com/dobtco/starrr/tar.gz/8f992a626da5667996b03138c1ce3f0a099761cc"

"@bower_components/switchery@abpetkov/switchery#^0.8.1":
  version "0.8.2"
  resolved "https://codeload.github.com/abpetkov/switchery/tar.gz/81208cba869afed3ab3ac63f2379261977f0400e"

"@bower_components/transitionize@abpetkov/transitionize#*":
  version "0.0.3"
  resolved "https://codeload.github.com/abpetkov/transitionize/tar.gz/bd106f74b90520774c1a7fff5f1f24073c0bce89"

"@bower_components/validator@yairEO/validator#^1.0.6":
  version "0.0.0"
  resolved "https://codeload.github.com/yairEO/validator/tar.gz/f855eb37c626f2ad712583d25afdd30147a40d8e"

"@types/jquery@^2.0.32":
  version "2.0.49"
  resolved "https://registry.yarnpkg.com/@types/jquery/-/jquery-2.0.49.tgz#95bd7064caebf65bde10429dff491a1aea05b67d"

acorn@^5.0.0:
  version "5.7.1"
  resolved "https://registry.yarnpkg.com/acorn/-/acorn-5.7.1.tgz#f095829297706a7c9776958c0afc8930a9b9d9d8"

almond@~0.3.1:
  version "0.3.3"
  resolved "https://registry.yarnpkg.com/almond/-/almond-0.3.3.tgz#a0e7c95ac7624d6417b4494b1e68bff693168a20"

amdefine@>=0.0.4:
  version "1.0.1"
  resolved "https://registry.yarnpkg.com/amdefine/-/amdefine-1.0.1.tgz#4a5282ac164729e93619bcfd3ad151f817ce91f5"

ast-transform@0.0.0:
  version "0.0.0"
  resolved "https://registry.yarnpkg.com/ast-transform/-/ast-transform-0.0.0.tgz#74944058887d8283e189d954600947bc98fe0062"
  dependencies:
    escodegen "~1.2.0"
    esprima "~1.0.4"
    through "~2.3.4"

ast-types@^0.7.0:
  version "0.7.8"
  resolved "https://registry.yarnpkg.com/ast-types/-/ast-types-0.7.8.tgz#902d2e0d60d071bdcd46dc115e1809ed11c138a9"

babel-runtime@^6.11.6:
  version "6.26.0"
  resolved "https://registry.yarnpkg.com/babel-runtime/-/babel-runtime-6.26.0.tgz#965c7058668e82b55d7bfe04ff2337bc8b5647fe"
  dependencies:
    core-js "^2.4.0"
    regenerator-runtime "^0.11.0"

base64-js@0.0.8:
  version "0.0.8"
  resolved "https://registry.yarnpkg.com/base64-js/-/base64-js-0.0.8.tgz#1101e9544f4a76b1bc3b26d452ca96d7a35e7978"

base64-js@^1.1.2:
  version "1.3.0"
  resolved "https://registry.yarnpkg.com/base64-js/-/base64-js-1.3.0.tgz#cab1e6118f051095e58b5281aea8c1cd22bfc0e3"

brfs@^1.3.0, brfs@^1.4.0:
  version "1.6.1"
  resolved "https://registry.yarnpkg.com/brfs/-/brfs-1.6.1.tgz#b78ce2336d818e25eea04a0947cba6d4fb8849c3"
  dependencies:
    quote-stream "^1.0.1"
    resolve "^1.1.5"
    static-module "^2.2.0"
    through2 "^2.0.0"

brotli@^1.2.0:
  version "1.3.2"
  resolved "https://registry.yarnpkg.com/brotli/-/brotli-1.3.2.tgz#525a9cad4fcba96475d7d388f6aecb13eed52f46"
  dependencies:
    base64-js "^1.1.2"

browser-resolve@^1.8.1:
  version "1.11.3"
  resolved "https://registry.yarnpkg.com/browser-resolve/-/browser-resolve-1.11.3.tgz#9b7cbb3d0f510e4cb86bdbd796124d28b5890af6"
  dependencies:
    resolve "1.1.7"

browserify-optional@^1.0.0:
  version "1.0.1"
  resolved "https://registry.yarnpkg.com/browserify-optional/-/browserify-optional-1.0.1.tgz#1e13722cfde0d85f121676c2a72ced533a018869"
  dependencies:
    ast-transform "0.0.0"
    ast-types "^0.7.0"
    browser-resolve "^1.8.1"

buffer-equal@0.0.1:
  version "0.0.1"
  resolved "https://registry.yarnpkg.com/buffer-equal/-/buffer-equal-0.0.1.tgz#91bc74b11ea405bc916bc6aa908faafa5b4aac4b"

buffer-from@^1.0.0:
  version "1.1.0"
  resolved "https://registry.yarnpkg.com/buffer-from/-/buffer-from-1.1.0.tgz#87fcaa3a298358e0ade6e442cfce840740d1ad04"

chartjs-color-string@^0.5.0:
  version "0.5.0"
  resolved "https://registry.yarnpkg.com/chartjs-color-string/-/chartjs-color-string-0.5.0.tgz#8d3752d8581d86687c35bfe2cb80ac5213ceb8c1"
  dependencies:
    color-name "^1.0.0"

chartjs-color@^2.1.0:
  version "2.2.0"
  resolved "https://registry.yarnpkg.com/chartjs-color/-/chartjs-color-2.2.0.tgz#84a2fb755787ed85c39dd6dd8c7b1d88429baeae"
  dependencies:
    chartjs-color-string "^0.5.0"
    color-convert "^0.5.3"

clone@^1.0.1:
  version "1.0.4"
  resolved "https://registry.yarnpkg.com/clone/-/clone-1.0.4.tgz#da309cc263df15994c688ca902179ca3c7cd7c7e"

color-convert@^0.5.3:
  version "0.5.3"
  resolved "https://registry.yarnpkg.com/color-convert/-/color-convert-0.5.3.tgz#bdb6c69ce660fadffe0b0007cc447e1b9f7282bd"

color-name@^1.0.0:
  version "1.1.3"
  resolved "https://registry.yarnpkg.com/color-name/-/color-name-1.1.3.tgz#a7d0558bd89c42f795dd42328f740831ca53bc25"

commander@0.6.1:
  version "0.6.1"
  resolved "https://registry.yarnpkg.com/commander/-/commander-0.6.1.tgz#fa68a14f6a945d54dbbe50d8cdb3320e9e3b1a06"

commander@2.0.0:
  version "2.0.0"
  resolved "https://registry.yarnpkg.com/commander/-/commander-2.0.0.tgz#d1b86f901f8b64bd941bdeadaf924530393be928"

concat-stream@~1.6.0:
  version "1.6.2"
  resolved "https://registry.yarnpkg.com/concat-stream/-/concat-stream-1.6.2.tgz#904bdf194cd3122fc675c77fc4ac3d4ff0fd1a34"
  dependencies:
    buffer-from "^1.0.0"
    inherits "^2.0.3"
    readable-stream "^2.2.2"
    typedarray "^0.0.6"

convert-source-map@^1.5.1:
  version "1.5.1"
  resolved "https://registry.yarnpkg.com/convert-source-map/-/convert-source-map-1.5.1.tgz#b8278097b9bc229365de5c62cf5fcaed8b5599e5"

core-js@^2.4.0:
  version "2.5.7"
  resolved "https://registry.yarnpkg.com/core-js/-/core-js-2.5.7.tgz#f972608ff0cead68b841a16a932d0b183791814e"

core-util-is@~1.0.0:
  version "1.0.2"
  resolved "https://registry.yarnpkg.com/core-util-is/-/core-util-is-1.0.2.tgz#b5fd54220aa2bc5ab57aab7140c940754503c1a7"

datatables.net-bs@^1.10.15:
  version "1.10.19"
  resolved "https://registry.yarnpkg.com/datatables.net-bs/-/datatables.net-bs-1.10.19.tgz#08763b4e4d0cef1a427d019dc15e717c7ed67a4d"
  dependencies:
    datatables.net "1.10.19"
    jquery ">=1.7"

datatables.net-buttons@1.5.3:
  version "1.5.3"
  resolved "https://registry.yarnpkg.com/datatables.net-buttons/-/datatables.net-buttons-1.5.3.tgz#3b6481fb0f2747156a3633ae80c66a1ff40ecabe"
  dependencies:
    datatables.net "^1.10.15"
    jquery ">=1.7"

datatables.net-fixedheader@3.1.5:
  version "3.1.5"
  resolved "https://registry.yarnpkg.com/datatables.net-fixedheader/-/datatables.net-fixedheader-3.1.5.tgz#4b6051a877e2c625604f0847b4b7227faddcccea"
  dependencies:
    datatables.net "^1.10.15"
    jquery ">=1.7"

datatables.net-responsive@2.2.3:
  version "2.2.3"
  resolved "https://registry.yarnpkg.com/datatables.net-responsive/-/datatables.net-responsive-2.2.3.tgz#50a2b1b4955b16b32f573a3f00f473b0bfbee913"
  dependencies:
    datatables.net "^1.10.15"
    jquery ">=1.7"

datatables.net-scroller@1.5.1:
  version "1.5.1"
  resolved "https://registry.yarnpkg.com/datatables.net-scroller/-/datatables.net-scroller-1.5.1.tgz#6f993db9e1976b425c6d9dfe05efd4ab39327733"
  dependencies:
    datatables.net "^1.10.15"
    jquery ">=1.7"

datatables.net@1.10.19, datatables.net@^1.10.15:
  version "1.10.19"
  resolved "https://registry.yarnpkg.com/datatables.net/-/datatables.net-1.10.19.tgz#97a1ed41c85e62d61040603481b59790a172dd1f"
  dependencies:
    jquery ">=1.7"

debug@*:
  version "3.1.0"
  resolved "https://registry.yarnpkg.com/debug/-/debug-3.1.0.tgz#5bb5a0672628b64149566ba16819e61518c67261"
  dependencies:
    ms "2.0.0"

deep-equal@^1.0.0:
  version "1.0.1"
  resolved "https://registry.yarnpkg.com/deep-equal/-/deep-equal-1.0.1.tgz#f5d260292b660e084eff4cdbc9f08ad3247448b5"

deep-is@~0.1.3:
  version "0.1.3"
  resolved "https://registry.yarnpkg.com/deep-is/-/deep-is-0.1.3.tgz#b369d6fb5dbc13eecf524f91b070feedc357cf34"

dfa@^1.0.0:
  version "1.1.0"
  resolved "https://registry.yarnpkg.com/dfa/-/dfa-1.1.0.tgz#d30218bd10d030fa421df3ebbc82285463a31781"
  dependencies:
    babel-runtime "^6.11.6"

diff@1.0.7:
  version "1.0.7"
  resolved "https://registry.yarnpkg.com/diff/-/diff-1.0.7.tgz#24bbb001c4a7d5522169e7cabdb2c2814ed91cf4"

duplexer2@~0.1.4:
  version "0.1.4"
  resolved "https://registry.yarnpkg.com/duplexer2/-/duplexer2-0.1.4.tgz#8b12dab878c0d69e3e7891051662a32fc6bddcc1"
  dependencies:
    readable-stream "^2.0.2"

escodegen@^1.8.1:
  version "1.10.0"
  resolved "https://registry.yarnpkg.com/escodegen/-/escodegen-1.10.0.tgz#f647395de22519fbd0d928ffcf1d17e0dec2603e"
  dependencies:
    esprima "^3.1.3"
    estraverse "^4.2.0"
    esutils "^2.0.2"
    optionator "^0.8.1"
  optionalDependencies:
    source-map "~0.6.1"

escodegen@~1.2.0:
  version "1.2.0"
  resolved "https://registry.yarnpkg.com/escodegen/-/escodegen-1.2.0.tgz#09de7967791cc958b7f89a2ddb6d23451af327e1"
  dependencies:
    esprima "~1.0.4"
    estraverse "~1.5.0"
    esutils "~1.0.0"
  optionalDependencies:
    source-map "~0.1.30"

escodegen@~1.9.0:
  version "1.9.1"
  resolved "https://registry.yarnpkg.com/escodegen/-/escodegen-1.9.1.tgz#dbae17ef96c8e4bedb1356f4504fa4cc2f7cb7e2"
  dependencies:
    esprima "^3.1.3"
    estraverse "^4.2.0"
    esutils "^2.0.2"
    optionator "^0.8.1"
  optionalDependencies:
    source-map "~0.6.1"

esprima@^3.1.3:
  version "3.1.3"
  resolved "https://registry.yarnpkg.com/esprima/-/esprima-3.1.3.tgz#fdca51cee6133895e3c88d535ce49dbff62a4633"

esprima@~1.0.4:
  version "1.0.4"
  resolved "https://registry.yarnpkg.com/esprima/-/esprima-1.0.4.tgz#9f557e08fc3b4d26ece9dd34f8fbf476b62585ad"

estraverse@^4.2.0:
  version "4.2.0"
  resolved "https://registry.yarnpkg.com/estraverse/-/estraverse-4.2.0.tgz#0dee3fed31fcd469618ce7342099fc1afa0bdb13"

estraverse@~1.5.0:
  version "1.5.1"
  resolved "https://registry.yarnpkg.com/estraverse/-/estraverse-1.5.1.tgz#867a3e8e58a9f84618afb6c2ddbcd916b7cbaf71"

esutils@^2.0.2:
  version "2.0.2"
  resolved "https://registry.yarnpkg.com/esutils/-/esutils-2.0.2.tgz#0abf4f1caa5bcb1f7a9d8acc6dea4faaa04bac9b"

esutils@~1.0.0:
  version "1.0.0"
  resolved "https://registry.yarnpkg.com/esutils/-/esutils-1.0.0.tgz#8151d358e20c8acc7fb745e7472c0025fe496570"

eve-raphael@0.5.0:
  version "0.5.0"
  resolved "https://registry.yarnpkg.com/eve-raphael/-/eve-raphael-0.5.0.tgz#17c754b792beef3fa6684d79cf5a47c63c4cda30"

falafel@^2.1.0:
  version "2.1.0"
  resolved "https://registry.yarnpkg.com/falafel/-/falafel-2.1.0.tgz#96bb17761daba94f46d001738b3cedf3a67fe06c"
  dependencies:
    acorn "^5.0.0"
    foreach "^2.0.5"
    isarray "0.0.1"
    object-keys "^1.0.6"

fast-levenshtein@~2.0.4:
  version "2.0.6"
  resolved "https://registry.yarnpkg.com/fast-levenshtein/-/fast-levenshtein-2.0.6.tgz#3d8a5c66883a16a30ca8643e851f19baa7797917"

fontkit@^1.0.0:
  version "1.7.7"
  resolved "https://registry.yarnpkg.com/fontkit/-/fontkit-1.7.7.tgz#ebaf2d8f3fedf302ae3c64b4beeaddc247fcdbb1"
  dependencies:
    babel-runtime "^6.11.6"
    brfs "^1.4.0"
    brotli "^1.2.0"
    browserify-optional "^1.0.0"
    clone "^1.0.1"
    deep-equal "^1.0.0"
    dfa "^1.0.0"
    restructure "^0.5.3"
    tiny-inflate "^1.0.2"
    unicode-properties "^1.0.0"
    unicode-trie "^0.3.0"

foreach@^2.0.5:
  version "2.0.5"
  resolved "https://registry.yarnpkg.com/foreach/-/foreach-2.0.5.tgz#0bee005018aeb260d0a3af3ae658dd0136ec1b99"

function-bind@^1.1.1:
  version "1.1.1"
  resolved "https://registry.yarnpkg.com/function-bind/-/function-bind-1.1.1.tgz#a56899d3ea3c9bab874bb9773b7c5ede92f4895d"

glob@3.2.3:
  version "3.2.3"
  resolved "https://registry.yarnpkg.com/glob/-/glob-3.2.3.tgz#e313eeb249c7affaa5c475286b0e115b59839467"
  dependencies:
    graceful-fs "~2.0.0"
    inherits "2"
    minimatch "~0.2.11"

graceful-fs@~2.0.0:
  version "2.0.3"
  resolved "https://registry.yarnpkg.com/graceful-fs/-/graceful-fs-2.0.3.tgz#7cd2cdb228a4a3f36e95efa6cc142de7d1a136d0"

growl@1.7.x:
  version "1.7.0"
  resolved "https://registry.yarnpkg.com/growl/-/growl-1.7.0.tgz#de2d66136d002e112ba70f3f10c31cf7c350b2da"

has@^1.0.1:
  version "1.0.3"
  resolved "https://registry.yarnpkg.com/has/-/has-1.0.3.tgz#722d7cbfc1f6aa8241f16dd814e011e1f41e8796"
  dependencies:
    function-bind "^1.1.1"

iconv-lite@^0.4.23:
  version "0.4.23"
  resolved "https://registry.yarnpkg.com/iconv-lite/-/iconv-lite-0.4.23.tgz#297871f63be507adcfbfca715d0cd0eed84e9a63"
  dependencies:
    safer-buffer ">= 2.1.2 < 3"

inherits@2, inherits@^2.0.3, inherits@~2.0.3:
  version "2.0.3"
  resolved "https://registry.yarnpkg.com/inherits/-/inherits-2.0.3.tgz#633c2c83e3da42a502f52466022480f4208261de"

isarray@0.0.1:
  version "0.0.1"
  resolved "https://registry.yarnpkg.com/isarray/-/isarray-0.0.1.tgz#8a18acfca9a8f4177e09abfc6038939b05d1eedf"

isarray@~1.0.0:
  version "1.0.0"
  resolved "https://registry.yarnpkg.com/isarray/-/isarray-1.0.0.tgz#bb935d48582cba168c06834957a54a3e07124f11"

jade@0.26.3:
  version "0.26.3"
  resolved "https://registry.yarnpkg.com/jade/-/jade-0.26.3.tgz#8f10d7977d8d79f2f6ff862a81b0513ccb25686c"
  dependencies:
    commander "0.6.1"
    mkdirp "0.3.0"

jquery-mousewheel@>=3.0.6, jquery-mousewheel@~3.1.13:
  version "3.1.13"
  resolved "https://registry.yarnpkg.com/jquery-mousewheel/-/jquery-mousewheel-3.1.13.tgz#06f0335f16e353a695e7206bf50503cb523a6ee5"

"jquery@>= 1.9.1", jquery@>=1.10, jquery@>=1.6.0, jquery@>=1.7, jquery@>=1.7.1, jquery@>=1.8, jquery@>=1.8.0:
  version "3.3.1"
  resolved "https://registry.yarnpkg.com/jquery/-/jquery-3.3.1.tgz#958ce29e81c9790f31be7792df5d4d95fc57fbca"

levn@~0.3.0:
  version "0.3.0"
  resolved "https://registry.yarnpkg.com/levn/-/levn-0.3.0.tgz#3b09924edf9f083c0490fdd4c0bc4421e04764ee"
  dependencies:
    prelude-ls "~1.1.2"
    type-check "~0.3.2"

linebreak@^0.3.0:
  version "0.3.0"
  resolved "https://registry.yarnpkg.com/linebreak/-/linebreak-0.3.0.tgz#0526480a62c05bd679f3e9d99830e09c6a7d0ed6"
  dependencies:
    base64-js "0.0.8"
    brfs "^1.3.0"
    unicode-trie "^0.3.0"

lru-cache@2:
  version "2.7.3"
  resolved "https://registry.yarnpkg.com/lru-cache/-/lru-cache-2.7.3.tgz#6d4524e8b955f95d4f5b58851ce21dd72fb4e952"

magic-string@^0.22.4:
  version "0.22.5"
  resolved "https://registry.yarnpkg.com/magic-string/-/magic-string-0.22.5.tgz#8e9cf5afddf44385c1da5bc2a6a0dbd10b03657e"
  dependencies:
    vlq "^0.2.2"

merge-source-map@1.0.4:
  version "1.0.4"
  resolved "https://registry.yarnpkg.com/merge-source-map/-/merge-source-map-1.0.4.tgz#a5de46538dae84d4114cc5ea02b4772a6346701f"
  dependencies:
    source-map "^0.5.6"

minimatch@~0.2.11:
  version "0.2.14"
  resolved "https://registry.yarnpkg.com/minimatch/-/minimatch-0.2.14.tgz#c74e780574f63c6f9a090e90efbe6ef53a6a756a"
  dependencies:
    lru-cache "2"
    sigmund "~1.0.0"

minimist@^1.1.3:
  version "1.2.5"
  resolved "https://registry.yarnpkg.com/minimist/-/minimist-1.2.5.tgz#67d66014b66a6a8aaa0c083c5fd58df4e4e97602"

mkdirp@0.3.0:
  version "0.3.0"
  resolved "https://registry.yarnpkg.com/mkdirp/-/mkdirp-0.3.0.tgz#1bbf5ab1ba827af23575143490426455f481fe1e"

mkdirp@0.3.5:
  version "0.3.5"
  resolved "https://registry.yarnpkg.com/mkdirp/-/mkdirp-0.3.5.tgz#de3e5f8961c88c787ee1368df849ac4413eca8d7"

moment@>=2.5.0, moment@^2.10.2, moment@^2.9.0:
  version "2.22.2"
  resolved "https://registry.yarnpkg.com/moment/-/moment-2.22.2.tgz#3c257f9839fc0e93ff53149632239eb90783ff66"

ms@2.0.0:
  version "2.0.0"
  resolved "https://registry.yarnpkg.com/ms/-/ms-2.0.0.tgz#5608aeadfc00be6c2901df5f9861788de0d597c8"

object-inspect@~1.4.0:
  version "1.4.1"
  resolved "https://registry.yarnpkg.com/object-inspect/-/object-inspect-1.4.1.tgz#37ffb10e71adaf3748d05f713b4c9452f402cbc4"

object-keys@^1.0.6:
  version "1.0.12"
  resolved "https://registry.yarnpkg.com/object-keys/-/object-keys-1.0.12.tgz#09c53855377575310cca62f55bb334abff7b3ed2"

optionator@^0.8.1:
  version "0.8.2"
  resolved "https://registry.yarnpkg.com/optionator/-/optionator-0.8.2.tgz#364c5e409d3f4d6301d6c0b4c05bba50180aeb64"
  dependencies:
    deep-is "~0.1.3"
    fast-levenshtein "~2.0.4"
    levn "~0.3.0"
    prelude-ls "~1.1.2"
    type-check "~0.3.2"
    wordwrap "~1.0.0"

pako@^0.2.5:
  version "0.2.9"
  resolved "https://registry.yarnpkg.com/pako/-/pako-0.2.9.tgz#f3f7522f4ef782348da8161bad9ecfd51bf83a75"

pako@~1.0.0:
  version "1.0.6"
  resolved "https://registry.yarnpkg.com/pako/-/pako-1.0.6.tgz#0101211baa70c4bca4a0f63f2206e97b7dfaf258"

path-parse@^1.0.5:
  version "1.0.5"
  resolved "https://registry.yarnpkg.com/path-parse/-/path-parse-1.0.5.tgz#3c1adf871ea9cd6c9431b6ea2bd74a0ff055c4c1"

pdfkit@^0.8.3:
  version "0.8.3"
  resolved "https://registry.yarnpkg.com/pdfkit/-/pdfkit-0.8.3.tgz#ec99a57fc55ca309726f856456da14418f5330e3"
  dependencies:
    fontkit "^1.0.0"
    linebreak "^0.3.0"
    png-js ">=0.1.0"

png-js@>=0.1.0:
  version "0.1.1"
  resolved "https://registry.yarnpkg.com/png-js/-/png-js-0.1.1.tgz#1cc7c212303acabe74263ec3ac78009580242d93"

prelude-ls@~1.1.2:
  version "1.1.2"
  resolved "https://registry.yarnpkg.com/prelude-ls/-/prelude-ls-1.1.2.tgz#21932a549f5e52ffd9a827f570e04be62a97da54"

process-nextick-args@~2.0.0:
  version "2.0.0"
  resolved "https://registry.yarnpkg.com/process-nextick-args/-/process-nextick-args-2.0.0.tgz#a37d732f4271b4ab1ad070d35508e8290788ffaa"

quote-stream@^1.0.1, quote-stream@~1.0.2:
  version "1.0.2"
  resolved "https://registry.yarnpkg.com/quote-stream/-/quote-stream-1.0.2.tgz#84963f8c9c26b942e153feeb53aae74652b7e0b2"
  dependencies:
    buffer-equal "0.0.1"
    minimist "^1.1.3"
    through2 "^2.0.0"

readable-stream@^2.0.2, readable-stream@^2.1.5, readable-stream@^2.2.2, readable-stream@~2.3.3:
  version "2.3.6"
  resolved "https://registry.yarnpkg.com/readable-stream/-/readable-stream-2.3.6.tgz#b11c27d88b8ff1fbe070643cf94b0c79ae1b0aaf"
  dependencies:
    core-util-is "~1.0.0"
    inherits "~2.0.3"
    isarray "~1.0.0"
    process-nextick-args "~2.0.0"
    safe-buffer "~5.1.1"
    string_decoder "~1.1.1"
    util-deprecate "~1.0.1"

regenerator-runtime@^0.11.0:
  version "0.11.1"
  resolved "https://registry.yarnpkg.com/regenerator-runtime/-/regenerator-runtime-0.11.1.tgz#be05ad7f9bf7d22e056f9726cee5017fbf19e2e9"

resolve@1.1.7:
  version "1.1.7"
  resolved "https://registry.yarnpkg.com/resolve/-/resolve-1.1.7.tgz#203114d82ad2c5ed9e8e0411b3932875e889e97b"

resolve@^1.1.5:
  version "1.8.1"
  resolved "https://registry.yarnpkg.com/resolve/-/resolve-1.8.1.tgz#82f1ec19a423ac1fbd080b0bab06ba36e84a7a26"
  dependencies:
    path-parse "^1.0.5"

restructure@^0.5.3:
  version "0.5.4"
  resolved "https://registry.yarnpkg.com/restructure/-/restructure-0.5.4.tgz#f54e7dd563590fb34fd6bf55876109aeccb28de8"
  dependencies:
    browserify-optional "^1.0.0"

safe-buffer@~5.1.0, safe-buffer@~5.1.1:
  version "5.1.2"
  resolved "https://registry.yarnpkg.com/safe-buffer/-/safe-buffer-5.1.2.tgz#991ec69d296e0313747d59bdfd2b745c35f8828d"

"safer-buffer@>= 2.1.2 < 3":
  version "2.1.2"
  resolved "https://registry.yarnpkg.com/safer-buffer/-/safer-buffer-2.1.2.tgz#44fa161b0187b9549dd84bb91802f9bd8385cd6a"

shallow-copy@~0.0.1:
  version "0.0.1"
  resolved "https://registry.yarnpkg.com/shallow-copy/-/shallow-copy-0.0.1.tgz#415f42702d73d810330292cc5ee86eae1a11a170"

sigmund@~1.0.0:
  version "1.0.1"
  resolved "https://registry.yarnpkg.com/sigmund/-/sigmund-1.0.1.tgz#3ff21f198cad2175f9f3b781853fd94d0d19b590"

source-map@^0.5.6:
  version "0.5.7"
  resolved "https://registry.yarnpkg.com/source-map/-/source-map-0.5.7.tgz#8a039d2d1021d22d1ea14c80d8ea468ba2ef3fcc"

source-map@~0.1.30:
  version "0.1.43"
  resolved "https://registry.yarnpkg.com/source-map/-/source-map-0.1.43.tgz#c24bc146ca517c1471f5dacbe2571b2b7f9e3346"
  dependencies:
    amdefine ">=0.0.4"

source-map@~0.6.1:
  version "0.6.1"
  resolved "https://registry.yarnpkg.com/source-map/-/source-map-0.6.1.tgz#74722af32e9614e9c287a8d0bbde48b5e2f1a263"

static-eval@^2.0.0:
  version "2.0.0"
  resolved "https://registry.yarnpkg.com/static-eval/-/static-eval-2.0.0.tgz#0e821f8926847def7b4b50cda5d55c04a9b13864"
  dependencies:
    escodegen "^1.8.1"

static-module@^2.2.0:
  version "2.2.5"
  resolved "https://registry.yarnpkg.com/static-module/-/static-module-2.2.5.tgz#bd40abceae33da6b7afb84a0e4329ff8852bfbbf"
  dependencies:
    concat-stream "~1.6.0"
    convert-source-map "^1.5.1"
    duplexer2 "~0.1.4"
    escodegen "~1.9.0"
    falafel "^2.1.0"
    has "^1.0.1"
    magic-string "^0.22.4"
    merge-source-map "1.0.4"
    object-inspect "~1.4.0"
    quote-stream "~1.0.2"
    readable-stream "~2.3.3"
    shallow-copy "~0.0.1"
    static-eval "^2.0.0"
    through2 "~2.0.3"

string_decoder@~1.1.1:
  version "1.1.1"
  resolved "https://registry.yarnpkg.com/string_decoder/-/string_decoder-1.1.1.tgz#9cf1611ba62685d7030ae9e4ba34149c3af03fc8"
  dependencies:
    safe-buffer "~5.1.0"

through2@^2.0.0, through2@~2.0.3:
  version "2.0.3"
  resolved "https://registry.yarnpkg.com/through2/-/through2-2.0.3.tgz#0004569b37c7c74ba39c43f3ced78d1ad94140be"
  dependencies:
    readable-stream "^2.1.5"
    xtend "~4.0.1"

through@~2.3.4:
  version "2.3.8"
  resolved "https://registry.yarnpkg.com/through/-/through-2.3.8.tgz#0dd4c9ffaabc357960b1b724115d7e0e86a2e1f5"

tiny-inflate@^1.0.0, tiny-inflate@^1.0.2:
  version "1.0.2"
  resolved "https://registry.yarnpkg.com/tiny-inflate/-/tiny-inflate-1.0.2.tgz#93d9decffc8805bd57eae4310f0b745e9b6fb3a7"

type-check@~0.3.2:
  version "0.3.2"
  resolved "https://registry.yarnpkg.com/type-check/-/type-check-0.3.2.tgz#5884cab512cf1d355e3fb784f30804b2b520db72"
  dependencies:
    prelude-ls "~1.1.2"

typedarray@^0.0.6:
  version "0.0.6"
  resolved "https://registry.yarnpkg.com/typedarray/-/typedarray-0.0.6.tgz#867ac74e3864187b1d3d47d996a78ec5c8830777"

unicode-properties@^1.0.0:
  version "1.1.0"
  resolved "https://registry.yarnpkg.com/unicode-properties/-/unicode-properties-1.1.0.tgz#7a96eef49f75682ea69d2315eec9ac43ffdf00c1"
  dependencies:
    brfs "^1.4.0"
    unicode-trie "^0.3.0"

unicode-trie@^0.3.0:
  version "0.3.1"
  resolved "https://registry.yarnpkg.com/unicode-trie/-/unicode-trie-0.3.1.tgz#d671dddd89101a08bac37b6a5161010602052085"
  dependencies:
    pako "^0.2.5"
    tiny-inflate "^1.0.0"

util-deprecate@~1.0.1:
  version "1.0.2"
  resolved "https://registry.yarnpkg.com/util-deprecate/-/util-deprecate-1.0.2.tgz#450d4dc9fa70de732762fbd2d4a28981419a0ccf"

vlq@^0.2.2:
  version "0.2.3"
  resolved "https://registry.yarnpkg.com/vlq/-/vlq-0.2.3.tgz#8f3e4328cf63b1540c0d67e1b2778386f8975b26"

wordwrap@~1.0.0:
  version "1.0.0"
  resolved "https://registry.yarnpkg.com/wordwrap/-/wordwrap-1.0.0.tgz#27584810891456a4171c8d0226441ade90cbcaeb"

xtend@~4.0.1:
  version "4.0.1"
  resolved "https://registry.yarnpkg.com/xtend/-/xtend-4.0.1.tgz#a5c6d532be656e23db820efb943a1f04998d63af"

zrender@3.7.4:
  version "3.7.4"
  resolved "https://registry.yarnpkg.com/zrender/-/zrender-3.7.4.tgz#f847d53948481ef6d42906d1ea9aeec7acbefdf2"
